// !$*UTF8*$!
{
	archiveVersion = 1;
	classes = {
	};
	objectVersion = 48;
	objects = {

/* Begin PBXBuildFile section */
		420918331FF5B35B00920BB2 /* day9.cpp in Sources */ = {isa = PBXBuildFile; fileRef = 420918321FF5B35B00920BB2 /* day9.cpp */; };
		420918371FF6171B00920BB2 /* day10.cpp in Sources */ = {isa = PBXBuildFile; fileRef = 420918361FF6171B00920BB2 /* day10.cpp */; };
		4223E31C1FF332D700B9DDEB /* day7.cpp in Sources */ = {isa = PBXBuildFile; fileRef = 4223E31B1FF332D700B9DDEB /* day7.cpp */; };
		4250ECB71FF15F83004988AD /* day5.cpp in Sources */ = {isa = PBXBuildFile; fileRef = 4250ECB61FF15F83004988AD /* day5.cpp */; };
		4250ECBB1FF1633E004988AD /* day6.cpp in Sources */ = {isa = PBXBuildFile; fileRef = 4250ECBA1FF1633E004988AD /* day6.cpp */; };
		4252B1CC1FEF21CA006141EC /* main.cpp in Sources */ = {isa = PBXBuildFile; fileRef = 4252B1CB1FEF21CA006141EC /* main.cpp */; };
		4252B1D41FEF4F7E006141EC /* day1-4.cpp in Sources */ = {isa = PBXBuildFile; fileRef = 4252B1D21FEF4F7E006141EC /* day1-4.cpp */; };
		42CD43351FF582B8007982B0 /* day8.cpp in Sources */ = {isa = PBXBuildFile; fileRef = 42CD43341FF582B8007982B0 /* day8.cpp */; };
/* End PBXBuildFile section */

/* Begin PBXCopyFilesBuildPhase section */
		4252B1C61FEF21CA006141EC /* CopyFiles */ = {
			isa = PBXCopyFilesBuildPhase;
			buildActionMask = 2147483647;
			dstPath = /usr/share/man/man1/;
			dstSubfolderSpec = 0;
			files = (
			);
			runOnlyForDeploymentPostprocessing = 1;
		};
/* End PBXCopyFilesBuildPhase section */

/* Begin PBXFileReference section */
		420918321FF5B35B00920BB2 /* day9.cpp */ = {isa = PBXFileReference; lastKnownFileType = sourcecode.cpp.cpp; path = day9.cpp; sourceTree = "<group>"; };
		420918341FF5F4E000920BB2 /* day9_input.txt */ = {isa = PBXFileReference; lastKnownFileType = text; path = day9_input.txt; sourceTree = "<group>"; };
		420918351FF5F51A00920BB2 /* day9_test.txt */ = {isa = PBXFileReference; lastKnownFileType = text; path = day9_test.txt; sourceTree = "<group>"; };
		420918361FF6171B00920BB2 /* day10.cpp */ = {isa = PBXFileReference; lastKnownFileType = sourcecode.cpp.cpp; path = day10.cpp; sourceTree = "<group>"; };
		4223E31B1FF332D700B9DDEB /* day7.cpp */ = {isa = PBXFileReference; lastKnownFileType = sourcecode.cpp.cpp; path = day7.cpp; sourceTree = "<group>"; };
		4223E31D1FF3624E00B9DDEB /* input_day7.txt */ = {isa = PBXFileReference; lastKnownFileType = text; path = input_day7.txt; sourceTree = "<group>"; };
		4223E31E1FF364F600B9DDEB /* simplified_input_day7.txt */ = {isa = PBXFileReference; lastKnownFileType = text; path = simplified_input_day7.txt; sourceTree = "<group>"; };
		4236A76A1FF47B150060176E /* day7test.txt */ = {isa = PBXFileReference; lastKnownFileType = text; path = day7test.txt; sourceTree = "<group>"; };
		4250ECB51FF0A4F7004988AD /* input_day4.txt */ = {isa = PBXFileReference; lastKnownFileType = text; path = input_day4.txt; sourceTree = "<group>"; };
		4250ECB61FF15F83004988AD /* day5.cpp */ = {isa = PBXFileReference; lastKnownFileType = sourcecode.cpp.cpp; path = day5.cpp; sourceTree = "<group>"; };
		4250ECB91FF16032004988AD /* input_day5.txt */ = {isa = PBXFileReference; lastKnownFileType = text; path = input_day5.txt; sourceTree = "<group>"; };
		4250ECBA1FF1633E004988AD /* day6.cpp */ = {isa = PBXFileReference; lastKnownFileType = sourcecode.cpp.cpp; path = day6.cpp; sourceTree = "<group>"; };
		4250ECBC1FF16517004988AD /* input_day6.txt */ = {isa = PBXFileReference; lastKnownFileType = text; path = input_day6.txt; sourceTree = "<group>"; };
		4252B1C81FEF21CA006141EC /* advent_of_code */ = {isa = PBXFileReference; explicitFileType = "compiled.mach-o.executable"; includeInIndex = 0; path = advent_of_code; sourceTree = BUILT_PRODUCTS_DIR; };
		4252B1CB1FEF21CA006141EC /* main.cpp */ = {isa = PBXFileReference; lastKnownFileType = sourcecode.cpp.cpp; path = main.cpp; sourceTree = "<group>"; };
		4252B1D21FEF4F7E006141EC /* day1-4.cpp */ = {isa = PBXFileReference; lastKnownFileType = sourcecode.cpp.cpp; path = "day1-4.cpp"; sourceTree = "<group>"; };
		4252B1D51FEF51FE006141EC /* aoc.h */ = {isa = PBXFileReference; lastKnownFileType = sourcecode.c.h; path = aoc.h; sourceTree = "<group>"; };
		4252B1D91FEF5514006141EC /* spreadsheet.txt */ = {isa = PBXFileReference; lastKnownFileType = text; path = spreadsheet.txt; sourceTree = "<group>"; };
		42CD43341FF582B8007982B0 /* day8.cpp */ = {isa = PBXFileReference; lastKnownFileType = sourcecode.cpp.cpp; path = day8.cpp; sourceTree = "<group>"; };
		42CD43361FF583DA007982B0 /* day8_input.txt */ = {isa = PBXFileReference; lastKnownFileType = text; path = day8_input.txt; sourceTree = "<group>"; };
/* End PBXFileReference section */

/* Begin PBXFrameworksBuildPhase section */
		4252B1C51FEF21CA006141EC /* Frameworks */ = {
			isa = PBXFrameworksBuildPhase;
			buildActionMask = 2147483647;
			files = (
			);
			runOnlyForDeploymentPostprocessing = 0;
		};
/* End PBXFrameworksBuildPhase section */

/* Begin PBXGroup section */
		4252B1BF1FEF21CA006141EC = {
			isa = PBXGroup;
			children = (
				4252B1CA1FEF21CA006141EC /* advent_of_code */,
				4252B1C91FEF21CA006141EC /* Products */,
			);
			sourceTree = "<group>";
		};
		4252B1C91FEF21CA006141EC /* Products */ = {
			isa = PBXGroup;
			children = (
				4252B1C81FEF21CA006141EC /* advent_of_code */,
			);
			name = Products;
			sourceTree = "<group>";
		};
		4252B1CA1FEF21CA006141EC /* advent_of_code */ = {
			isa = PBXGroup;
			children = (
				4252B1CB1FEF21CA006141EC /* main.cpp */,
				4252B1D21FEF4F7E006141EC /* day1-4.cpp */,
				4252B1D51FEF51FE006141EC /* aoc.h */,
				4252B1D91FEF5514006141EC /* spreadsheet.txt */,
				4250ECB51FF0A4F7004988AD /* input_day4.txt */,
				4250ECB61FF15F83004988AD /* day5.cpp */,
				4250ECB91FF16032004988AD /* input_day5.txt */,
				4250ECBA1FF1633E004988AD /* day6.cpp */,
				4250ECBC1FF16517004988AD /* input_day6.txt */,
				4223E31B1FF332D700B9DDEB /* day7.cpp */,
				4223E31D1FF3624E00B9DDEB /* input_day7.txt */,
				4223E31E1FF364F600B9DDEB /* simplified_input_day7.txt */,
				4236A76A1FF47B150060176E /* day7test.txt */,
				42CD43341FF582B8007982B0 /* day8.cpp */,
				42CD43361FF583DA007982B0 /* day8_input.txt */,
				420918321FF5B35B00920BB2 /* day9.cpp */,
				420918341FF5F4E000920BB2 /* day9_input.txt */,
				420918351FF5F51A00920BB2 /* day9_test.txt */,
				420918361FF6171B00920BB2 /* day10.cpp */,
			);
			path = advent_of_code;
			sourceTree = "<group>";
		};
/* End PBXGroup section */

/* Begin PBXNativeTarget section */
		4252B1C71FEF21CA006141EC /* advent_of_code */ = {
			isa = PBXNativeTarget;
			buildConfigurationList = 4252B1CF1FEF21CA006141EC /* Build configuration list for PBXNativeTarget "advent_of_code" */;
			buildPhases = (
				4252B1C41FEF21CA006141EC /* Sources */,
				4252B1C51FEF21CA006141EC /* Frameworks */,
				4252B1C61FEF21CA006141EC /* CopyFiles */,
			);
			buildRules = (
			);
			dependencies = (
			);
			name = advent_of_code;
			productName = advent_of_code;
			productReference = 4252B1C81FEF21CA006141EC /* advent_of_code */;
			productType = "com.apple.product-type.tool";
		};
/* End PBXNativeTarget section */

/* Begin PBXProject section */
		4252B1C01FEF21CA006141EC /* Project object */ = {
			isa = PBXProject;
			attributes = {
				LastUpgradeCheck = 0920;
				ORGANIZATIONNAME = "Bach Phan";
				TargetAttributes = {
					4252B1C71FEF21CA006141EC = {
						CreatedOnToolsVersion = 9.2;
						ProvisioningStyle = Automatic;
					};
				};
			};
			buildConfigurationList = 4252B1C31FEF21CA006141EC /* Build configuration list for PBXProject "advent_of_code" */;
			compatibilityVersion = "Xcode 8.0";
			developmentRegion = en;
			hasScannedForEncodings = 0;
			knownRegions = (
				en,
			);
			mainGroup = 4252B1BF1FEF21CA006141EC;
			productRefGroup = 4252B1C91FEF21CA006141EC /* Products */;
			projectDirPath = "";
			projectRoot = "";
			targets = (
				4252B1C71FEF21CA006141EC /* advent_of_code */,
			);
		};
/* End PBXProject section */

/* Begin PBXSourcesBuildPhase section */
		4252B1C41FEF21CA006141EC /* Sources */ = {
			isa = PBXSourcesBuildPhase;
			buildActionMask = 2147483647;
			files = (
				4252B1D41FEF4F7E006141EC /* day1-4.cpp in Sources */,
				420918371FF6171B00920BB2 /* day10.cpp in Sources */,
				420918331FF5B35B00920BB2 /* day9.cpp in Sources */,
				4250ECBB1FF1633E004988AD /* day6.cpp in Sources */,
				4252B1CC1FEF21CA006141EC /* main.cpp in Sources */,
				4223E31C1FF332D700B9DDEB /* day7.cpp in Sources */,
				4250ECB71FF15F83004988AD /* day5.cpp in Sources */,
				42CD43351FF582B8007982B0 /* day8.cpp in Sources */,
			);
			runOnlyForDeploymentPostprocessing = 0;
		};
/* End PBXSourcesBuildPhase section */

/* Begin XCBuildConfiguration section */
		4252B1CD1FEF21CA006141EC /* Debug */ = {
			isa = XCBuildConfiguration;
			buildSettings = {
				ALWAYS_SEARCH_USER_PATHS = NO;
				CLANG_ANALYZER_NONNULL = YES;
				CLANG_ANALYZER_NUMBER_OBJECT_CONVERSION = YES_AGGRESSIVE;
				CLANG_CXX_LANGUAGE_STANDARD = "gnu++14";
				CLANG_CXX_LIBRARY = "libc++";
				CLANG_ENABLE_MODULES = YES;
				CLANG_ENABLE_OBJC_ARC = YES;
				CLANG_WARN_BLOCK_CAPTURE_AUTORELEASING = YES;
				CLANG_WARN_BOOL_CONVERSION = YES;
				CLANG_WARN_COMMA = YES;
				CLANG_WARN_CONSTANT_CONVERSION = YES;
				CLANG_WARN_DIRECT_OBJC_ISA_USAGE = YES_ERROR;
				CLANG_WARN_DOCUMENTATION_COMMENTS = YES;
				CLANG_WARN_EMPTY_BODY = YES;
				CLANG_WARN_ENUM_CONVERSION = YES;
				CLANG_WARN_INFINITE_RECURSION = YES;
				CLANG_WARN_INT_CONVERSION = YES;
				CLANG_WARN_NON_LITERAL_NULL_CONVERSION = YES;
				CLANG_WARN_OBJC_LITERAL_CONVERSION = YES;
				CLANG_WARN_OBJC_ROOT_CLASS = YES_ERROR;
				CLANG_WARN_RANGE_LOOP_ANALYSIS = YES;
				CLANG_WARN_STRICT_PROTOTYPES = YES;
				CLANG_WARN_SUSPICIOUS_MOVE = YES;
				CLANG_WARN_UNGUARDED_AVAILABILITY = YES_AGGRESSIVE;
				CLANG_WARN_UNREACHABLE_CODE = YES;
				CLANG_WARN__DUPLICATE_METHOD_MATCH = YES;
				CODE_SIGN_IDENTITY = "-";
				COPY_PHASE_STRIP = NO;
				DEBUG_INFORMATION_FORMAT = dwarf;
				ENABLE_STRICT_OBJC_MSGSEND = YES;
				ENABLE_TESTABILITY = YES;
				GCC_C_LANGUAGE_STANDARD = gnu11;
				GCC_DYNAMIC_NO_PIC = NO;
				GCC_NO_COMMON_BLOCKS = YES;
				GCC_OPTIMIZATION_LEVEL = 0;
				GCC_PREPROCESSOR_DEFINITIONS = (
					"DEBUG=1",
					"$(inherited)",
				);
				GCC_WARN_64_TO_32_BIT_CONVERSION = YES;
				GCC_WARN_ABOUT_RETURN_TYPE = YES_ERROR;
				GCC_WARN_UNDECLARED_SELECTOR = YES;
				GCC_WARN_UNINITIALIZED_AUTOS = YES_AGGRESSIVE;
				GCC_WARN_UNUSED_FUNCTION = YES;
				GCC_WARN_UNUSED_VARIABLE = YES;
				MACOSX_DEPLOYMENT_TARGET = 10.12;
				MTL_ENABLE_DEBUG_INFO = YES;
				ONLY_ACTIVE_ARCH = YES;
				SDKROOT = macosx;
			};
			name = Debug;
		};
		4252B1CE1FEF21CA006141EC /* Release */ = {
			isa = XCBuildConfiguration;
			buildSettings = {
				ALWAYS_SEARCH_USER_PATHS = NO;
				CLANG_ANALYZER_NONNULL = YES;
				CLANG_ANALYZER_NUMBER_OBJECT_CONVERSION = YES_AGGRESSIVE;
				CLANG_CXX_LANGUAGE_STANDARD = "gnu++14";
				CLANG_CXX_LIBRARY = "libc++";
				CLANG_ENABLE_MODULES = YES;
				CLANG_ENABLE_OBJC_ARC = YES;
				CLANG_WARN_BLOCK_CAPTURE_AUTORELEASING = YES;
				CLANG_WARN_BOOL_CONVERSION = YES;
				CLANG_WARN_COMMA = YES;
				CLANG_WARN_CONSTANT_CONVERSION = YES;
				CLANG_WARN_DIRECT_OBJC_ISA_USAGE = YES_ERROR;
				CLANG_WARN_DOCUMENTATION_COMMENTS = YES;
				CLANG_WARN_EMPTY_BODY = YES;
				CLANG_WARN_ENUM_CONVERSION = YES;
				CLANG_WARN_INFINITE_RECURSION = YES;
				CLANG_WARN_INT_CONVERSION = YES;
				CLANG_WARN_NON_LITERAL_NULL_CONVERSION = YES;
				CLANG_WARN_OBJC_LITERAL_CONVERSION = YES;
				CLANG_WARN_OBJC_ROOT_CLASS = YES_ERROR;
				CLANG_WARN_RANGE_LOOP_ANALYSIS = YES;
				CLANG_WARN_STRICT_PROTOTYPES = YES;
				CLANG_WARN_SUSPICIOUS_MOVE = YES;
				CLANG_WARN_UNGUARDED_AVAILABILITY = YES_AGGRESSIVE;
				CLANG_WARN_UNREACHABLE_CODE = YES;
				CLANG_WARN__DUPLICATE_METHOD_MATCH = YES;
				CODE_SIGN_IDENTITY = "-";
				COPY_PHASE_STRIP = NO;
				DEBUG_INFORMATION_FORMAT = "dwarf-with-dsym";
				ENABLE_NS_ASSERTIONS = NO;
				ENABLE_STRICT_OBJC_MSGSEND = YES;
				GCC_C_LANGUAGE_STANDARD = gnu11;
				GCC_NO_COMMON_BLOCKS = YES;
				GCC_WARN_64_TO_32_BIT_CONVERSION = YES;
				GCC_WARN_ABOUT_RETURN_TYPE = YES_ERROR;
				GCC_WARN_UNDECLARED_SELECTOR = YES;
				GCC_WARN_UNINITIALIZED_AUTOS = YES_AGGRESSIVE;
				GCC_WARN_UNUSED_FUNCTION = YES;
				GCC_WARN_UNUSED_VARIABLE = YES;
				MACOSX_DEPLOYMENT_TARGET = 10.12;
				MTL_ENABLE_DEBUG_INFO = NO;
				SDKROOT = macosx;
			};
			name = Release;
		};
		4252B1D01FEF21CA006141EC /* Debug */ = {
			isa = XCBuildConfiguration;
			buildSettings = {
				CODE_SIGN_STYLE = Automatic;
				PRODUCT_NAME = "$(TARGET_NAME)";
			};
			name = Debug;
		};
		4252B1D11FEF21CA006141EC /* Release */ = {
			isa = XCBuildConfiguration;
			buildSettings = {
				CODE_SIGN_STYLE = Automatic;
				PRODUCT_NAME = "$(TARGET_NAME)";
			};
			name = Release;
		};
/* End XCBuildConfiguration section */

/* Begin XCConfigurationList section */
		4252B1C31FEF21CA006141EC /* Build configuration list for PBXProject "advent_of_code" */ = {
			isa = XCConfigurationList;
			buildConfigurations = (
				4252B1CD1FEF21CA006141EC /* Debug */,
				4252B1CE1FEF21CA006141EC /* Release */,
			);
			defaultConfigurationIsVisible = 0;
			defaultConfigurationName = Release;
		};
		4252B1CF1FEF21CA006141EC /* Build configuration list for PBXNativeTarget "advent_of_code" */ = {
			isa = XCConfigurationList;
			buildConfigurations = (
				4252B1D01FEF21CA006141EC /* Debug */,
				4252B1D11FEF21CA006141EC /* Release */,
			);
			defaultConfigurationIsVisible = 0;
			defaultConfigurationName = Release;
		};
/* End XCConfigurationList section */
	};
	rootObject = 4252B1C01FEF21CA006141EC /* Project object */;
}
